
Microsoft Visual Studio Solution File, Format Version 12.00
# Visual Studio 15
VisualStudioVersion = 15.0.28307.329
MinimumVisualStudioVersion = 10.0.40219.1
Project("{FAE04EC0-301F-11D3-BF4B-00C04F79EFBC}") = "Traban_pas_graphique", "Traban_pas_graphique\Traban_pas_graphique.csproj", "{CA5BFCC9-CD5C-4F5E-BC8E-4F3C7C331007}"
EndProject
Global
	GlobalSection(SolutionConfigurationPlatforms) = preSolution
		Debug|Any CPU = Debug|Any CPU
		Release|Any CPU = Release|Any CPU
	EndGlobalSection
	GlobalSection(ProjectConfigurationPlatforms) = postSolution
		{CA5BFCC9-CD5C-4F5E-BC8E-4F3C7C331007}.Debug|Any CPU.ActiveCfg = Debug|Any CPU
		{CA5BFCC9-CD5C-4F5E-BC8E-4F3C7C331007}.Debug|Any CPU.Build.0 = Debug|Any CPU
		{CA5BFCC9-CD5C-4F5E-BC8E-4F3C7C331007}.Release|Any CPU.ActiveCfg = Release|Any CPU
		{CA5BFCC9-CD5C-4F5E-BC8E-4F3C7C331007}.Release|Any CPU.Build.0 = Release|Any CPU
	EndGlobalSection
	GlobalSection(SolutionProperties) = preSolution
		HideSolutionNode = FALSE
	EndGlobalSection
	GlobalSection(ExtensibilityGlobals) = postSolution
		SolutionGuid = {C7F2C341-F585-42DB-A237-6846D81F9E96}
	EndGlobalSection
EndGlobal
