
Microsoft Visual Studio Solution File, Format Version 12.00
# Visual Studio 15
VisualStudioVersion = 15.0.28010.2003
MinimumVisualStudioVersion = 10.0.40219.1
Project("{FAE04EC0-301F-11D3-BF4B-00C04F79EFBC}") = "test comme g", "test comme g\test comme g.csproj", "{ABBA4910-3B33-4FC2-A488-44074F56E628}"
EndProject
Global
	GlobalSection(SolutionConfigurationPlatforms) = preSolution
		Debug|Any CPU = Debug|Any CPU
		Release|Any CPU = Release|Any CPU
	EndGlobalSection
	GlobalSection(ProjectConfigurationPlatforms) = postSolution
		{ABBA4910-3B33-4FC2-A488-44074F56E628}.Debug|Any CPU.ActiveCfg = Debug|Any CPU
		{ABBA4910-3B33-4FC2-A488-44074F56E628}.Debug|Any CPU.Build.0 = Debug|Any CPU
		{ABBA4910-3B33-4FC2-A488-44074F56E628}.Release|Any CPU.ActiveCfg = Release|Any CPU
		{ABBA4910-3B33-4FC2-A488-44074F56E628}.Release|Any CPU.Build.0 = Release|Any CPU
	EndGlobalSection
	GlobalSection(SolutionProperties) = preSolution
		HideSolutionNode = FALSE
	EndGlobalSection
	GlobalSection(ExtensibilityGlobals) = postSolution
		SolutionGuid = {E71916E3-F124-4071-B9BF-FD1785BC7EA5}
	EndGlobalSection
EndGlobal
