
Microsoft Visual Studio Solution File, Format Version 12.00
# Visual Studio 15
VisualStudioVersion = 15.0.28307.329
MinimumVisualStudioVersion = 10.0.40219.1
Project("{FAE04EC0-301F-11D3-BF4B-00C04F79EFBC}") = "Traban_pas_corrompu", "Traban_pas_corrompu\Traban_pas_corrompu.csproj", "{7368ACBB-0D04-4390-A1D4-50DF87BB8062}"
EndProject
Global
	GlobalSection(SolutionConfigurationPlatforms) = preSolution
		Debug|Any CPU = Debug|Any CPU
		Release|Any CPU = Release|Any CPU
	EndGlobalSection
	GlobalSection(ProjectConfigurationPlatforms) = postSolution
		{7368ACBB-0D04-4390-A1D4-50DF87BB8062}.Debug|Any CPU.ActiveCfg = Debug|Any CPU
		{7368ACBB-0D04-4390-A1D4-50DF87BB8062}.Debug|Any CPU.Build.0 = Debug|Any CPU
		{7368ACBB-0D04-4390-A1D4-50DF87BB8062}.Release|Any CPU.ActiveCfg = Release|Any CPU
		{7368ACBB-0D04-4390-A1D4-50DF87BB8062}.Release|Any CPU.Build.0 = Release|Any CPU
	EndGlobalSection
	GlobalSection(SolutionProperties) = preSolution
		HideSolutionNode = FALSE
	EndGlobalSection
	GlobalSection(ExtensibilityGlobals) = postSolution
		SolutionGuid = {7FC78C1F-7108-4521-8EB2-5696C38C0682}
	EndGlobalSection
EndGlobal
