
Microsoft Visual Studio Solution File, Format Version 12.00
# Visual Studio 15
VisualStudioVersion = 15.0.28307.329
MinimumVisualStudioVersion = 10.0.40219.1
Project("{FAE04EC0-301F-11D3-BF4B-00C04F79EFBC}") = "Bonjours", "Bonjours\Bonjours.csproj", "{17329243-62E2-46E5-A47E-D9CAE7DFAEBE}"
EndProject
Global
	GlobalSection(SolutionConfigurationPlatforms) = preSolution
		Debug|Any CPU = Debug|Any CPU
		Release|Any CPU = Release|Any CPU
	EndGlobalSection
	GlobalSection(ProjectConfigurationPlatforms) = postSolution
		{17329243-62E2-46E5-A47E-D9CAE7DFAEBE}.Debug|Any CPU.ActiveCfg = Debug|Any CPU
		{17329243-62E2-46E5-A47E-D9CAE7DFAEBE}.Debug|Any CPU.Build.0 = Debug|Any CPU
		{17329243-62E2-46E5-A47E-D9CAE7DFAEBE}.Release|Any CPU.ActiveCfg = Release|Any CPU
		{17329243-62E2-46E5-A47E-D9CAE7DFAEBE}.Release|Any CPU.Build.0 = Release|Any CPU
	EndGlobalSection
	GlobalSection(SolutionProperties) = preSolution
		HideSolutionNode = FALSE
	EndGlobalSection
	GlobalSection(ExtensibilityGlobals) = postSolution
		SolutionGuid = {485E6C7C-C9BF-40D1-A5D5-909E2746A8EF}
	EndGlobalSection
EndGlobal
